
Microsoft Visual Studio Solution File, Format Version 12.00
# Visual Studio Version 17
VisualStudioVersion = 17.3.32901.215
MinimumVisualStudioVersion = 10.0.40219.1
Project("{FAE04EC0-301F-11D3-BF4B-00C04F79EFBC}") = "VideoToMP3Converter", "VideoToMP3Converter.csproj", "{3E9A8658-74AF-4D6D-BA52-A13BFEC78681}"
EndProject
Global
	GlobalSection(SolutionConfigurationPlatforms) = preSolution
		Debug|Any CPU = Debug|Any CPU
		Release|Any CPU = Release|Any CPU
	EndGlobalSection
	GlobalSection(ProjectConfigurationPlatforms) = postSolution
		{3E9A8658-74AF-4D6D-BA52-A13BFEC78681}.Debug|Any CPU.ActiveCfg = Debug|Any CPU
		{3E9A8658-74AF-4D6D-BA52-A13BFEC78681}.Debug|Any CPU.Build.0 = Debug|Any CPU
		{3E9A8658-74AF-4D6D-BA52-A13BFEC78681}.Release|Any CPU.ActiveCfg = Release|Any CPU
		{3E9A8658-74AF-4D6D-BA52-A13BFEC78681}.Release|Any CPU.Build.0 = Release|Any CPU
	EndGlobalSection
	GlobalSection(SolutionProperties) = preSolution
		HideSolutionNode = FALSE
	EndGlobalSection
	GlobalSection(ExtensibilityGlobals) = postSolution
		SolutionGuid = {1325CDAF-A9F2-498C-9A0C-6E98C4478027}
	EndGlobalSection
EndGlobal
